
Microsoft Visual Studio Solution File, Format Version 11.00
# Visual Studio 2010
Project("{FAE04EC0-301F-11D3-BF4B-00C04F79EFBC}") = "Assembly-CSharp", "Assembly-CSharp.csproj", "{981119eb-a0b2-4722-c35a-155952bc78e1}"
EndProject
Project("{FAE04EC0-301F-11D3-BF4B-00C04F79EFBC}") = "Assembly-CSharp-Editor", "Assembly-CSharp-Editor.csproj", "{447eb32b-10bf-d534-d0bf-089504c64833}"
EndProject
Global
	GlobalSection(SolutionConfigurationPlatforms) = preSolution
		Debug|Any CPU = Debug|Any CPU
	EndGlobalSection
	GlobalSection(ProjectConfigurationPlatforms) = postSolution
		{981119eb-a0b2-4722-c35a-155952bc78e1}.Debug|Any CPU.ActiveCfg = Debug|Any CPU
		{981119eb-a0b2-4722-c35a-155952bc78e1}.Debug|Any CPU.Build.0 = Debug|Any CPU
		{447eb32b-10bf-d534-d0bf-089504c64833}.Debug|Any CPU.ActiveCfg = Debug|Any CPU
		{447eb32b-10bf-d534-d0bf-089504c64833}.Debug|Any CPU.Build.0 = Debug|Any CPU
	EndGlobalSection
	GlobalSection(SolutionProperties) = preSolution
		HideSolutionNode = FALSE
	EndGlobalSection
EndGlobal
